{
  "name": "backend-50005",
  "version": "1.0.0",
  "lockfileVersion": 3,
  "requires": true,
  "packages": {
    "": {
      "name": "backend-50005",
      "version": "1.0.0",
      "license": "ISC",
      "dependencies": {
        "axios": "^1.5.0",
        "luxon": "^1.28.0"
      }
    },
    "node_modules/asynckit": {
      "version": "0.4.0",
      "resolved": "https://pkgs.dev.azure.com/bdsdigital/_packaging/bdsdigital/npm/registry/asynckit/-/asynckit-0.4.0.tgz",
      "integrity": "sha1-x57Zf380y48robyXkLzDZkdLS3k=",
      "license": "MIT"
    },
    "node_modules/axios": {
      "version": "1.6.0",
      "resolved": "https://pkgs.dev.azure.com/bdsdigital/_packaging/bdsdigital/npm/registry/axios/-/axios-1.6.0.tgz",
      "integrity": "sha1-8eUpLyay/VwuZodq3FsGzb19IQI=",
      "license": "MIT",
      "dependencies": {
        "follow-redirects": "^1.15.0",
        "form-data": "^4.0.0",
        "proxy-from-env": "^1.1.0"
      }
    },
    "node_modules/combined-stream": {
      "version": "1.0.8",
      "resolved": "https://pkgs.dev.azure.com/bdsdigital/_packaging/bdsdigital/npm/registry/combined-stream/-/combined-stream-1.0.8.tgz",
      "integrity": "sha1-w9RaizT9cwYxoRCoolIGgrMdWn8=",
      "license": "MIT",
      "dependencies": {
        "delayed-stream": "~1.0.0"
      },
      "engines": {
        "node": ">= 0.8"
      }
    },
    "node_modules/delayed-stream": {
      "version": "1.0.0",
      "resolved": "https://pkgs.dev.azure.com/bdsdigital/_packaging/bdsdigital/npm/registry/delayed-stream/-/delayed-stream-1.0.0.tgz",
      "integrity": "sha1-3zrhmayt+31ECqrgsp4icrJOxhk=",
      "license": "MIT",
      "engines": {
        "node": ">=0.4.0"
      }
    },
    "node_modules/follow-redirects": {
      "version": "1.15.3",
      "resolved": "https://pkgs.dev.azure.com/bdsdigital/_packaging/bdsdigital/npm/registry/follow-redirects/-/follow-redirects-1.15.3.tgz",
      "integrity": "sha1-/i8+8mkK/OfoLtC0TbCBZbIHEjo=",
      "funding": [
        {
          "type": "individual",
          "url": "https://github.com/sponsors/RubenVerborgh"
        }
      ],
      "license": "MIT",
      "engines": {
        "node": ">=4.0"
      },
      "peerDependenciesMeta": {
        "debug": {
          "optional": true
        }
      }
    },
    "node_modules/form-data": {
      "version": "4.0.0",
      "resolved": "https://pkgs.dev.azure.com/bdsdigital/_packaging/bdsdigital/npm/registry/form-data/-/form-data-4.0.0.tgz",
      "integrity": "sha1-k5Gdrq82HuUpWEubMWZNwSyfpFI=",
      "license": "MIT",
      "dependencies": {
        "asynckit": "^0.4.0",
        "combined-stream": "^1.0.8",
        "mime-types": "^2.1.12"
      },
      "engines": {
        "node": ">= 6"
      }
    },
    "node_modules/luxon": {
      "version": "1.28.0",
      "resolved": "https://pkgs.dev.azure.com/bdsdigital/_packaging/bdsdigital/npm/registry/luxon/-/luxon-1.28.0.tgz",
      "integrity": "sha1-5/ltqtOTjAamLeD7AnEV0lElH78=",
      "license": "MIT",
      "engines": {
        "node": "*"
      }
    },
    "node_modules/mime-db": {
      "version": "1.52.0",
      "resolved": "https://pkgs.dev.azure.com/bdsdigital/_packaging/bdsdigital/npm/registry/mime-db/-/mime-db-1.52.0.tgz",
      "integrity": "sha1-u6vNwChZ9JhzAchW4zh85exDv3A=",
      "license": "MIT",
      "engines": {
        "node": ">= 0.6"
      }
    },
    "node_modules/mime-types": {
      "version": "2.1.35",
      "resolved": "https://pkgs.dev.azure.com/bdsdigital/_packaging/bdsdigital/npm/registry/mime-types/-/mime-types-2.1.35.tgz",
      "integrity": "sha1-OBqHG2KnNEUGYK497uRIE/cNlZo=",
      "license": "MIT",
      "dependencies": {
        "mime-db": "1.52.0"
      },
      "engines": {
        "node": ">= 0.6"
      }
    },
    "node_modules/proxy-from-env": {
      "version": "1.1.0",
      "resolved": "https://pkgs.dev.azure.com/bdsdigital/_packaging/bdsdigital/npm/registry/proxy-from-env/-/proxy-from-env-1.1.0.tgz",
      "integrity": "sha1-4QLxbKNVQkhldV0sno6k8k1Yw+I=",
      "license": "MIT"
    }
  }
}
